Microsoft Visual Studio Solution File, Format Version 11.00
# Visual Studio 2008

Project("{03A3189B-0480-40D7-0E6D-17E4335080BD}") = "Apothecary", "Assembly-CSharp-firstpass.csproj", "{DC074BA0-2EB4-137B-4387-C179E0E745A3}"
EndProject
Project("{03A3189B-0480-40D7-0E6D-17E4335080BD}") = "Apothecary", "Assembly-CSharp.csproj", "{4697A518-211B-D7BD-D44E-83217EFB261A}"
EndProject
Project("{03A3189B-0480-40D7-0E6D-17E4335080BD}") = "Apothecary", "Assembly-CSharp-Editor.csproj", "{D33AEA75-E5FF-CCA8-B27B-959ECA05D434}"
EndProject
Global
	GlobalSection(SolutionConfigurationPlatforms) = preSolution
		Debug|Any CPU = Debug|Any CPU
		Release|Any CPU = Release|Any CPU
	EndGlobalSection
	GlobalSection(ProjectConfigurationPlatforms) = postSolution
		{DC074BA0-2EB4-137B-4387-C179E0E745A3}.Debug|Any CPU.ActiveCfg = Debug|Any CPU
		{DC074BA0-2EB4-137B-4387-C179E0E745A3}.Debug|Any CPU.Build.0 = Debug|Any CPU
		{DC074BA0-2EB4-137B-4387-C179E0E745A3}.Release|Any CPU.ActiveCfg = Release|Any CPU
		{DC074BA0-2EB4-137B-4387-C179E0E745A3}.Release|Any CPU.Build.0 = Release|Any CPU
		{4697A518-211B-D7BD-D44E-83217EFB261A}.Debug|Any CPU.ActiveCfg = Debug|Any CPU
		{4697A518-211B-D7BD-D44E-83217EFB261A}.Debug|Any CPU.Build.0 = Debug|Any CPU
		{4697A518-211B-D7BD-D44E-83217EFB261A}.Release|Any CPU.ActiveCfg = Release|Any CPU
		{4697A518-211B-D7BD-D44E-83217EFB261A}.Release|Any CPU.Build.0 = Release|Any CPU
		{D33AEA75-E5FF-CCA8-B27B-959ECA05D434}.Debug|Any CPU.ActiveCfg = Debug|Any CPU
		{D33AEA75-E5FF-CCA8-B27B-959ECA05D434}.Debug|Any CPU.Build.0 = Debug|Any CPU
		{D33AEA75-E5FF-CCA8-B27B-959ECA05D434}.Release|Any CPU.ActiveCfg = Release|Any CPU
		{D33AEA75-E5FF-CCA8-B27B-959ECA05D434}.Release|Any CPU.Build.0 = Release|Any CPU
	EndGlobalSection
	GlobalSection(SolutionProperties) = preSolution
		HideSolutionNode = FALSE
	EndGlobalSection
	GlobalSection(MonoDevelopProperties) = preSolution
		StartupItem = Assembly-CSharp.csproj
	EndGlobalSection
EndGlobal
